{
  "name": "streamjson-monorepo",
  "lockfileVersion": 3,
  "requires": true,
  "packages": {
    "": {
      "name": "streamjson-monorepo",
      "workspaces": [
        "packages/*"
      ],
      "devDependencies": {
        "best-effort-json-parser": "^1.4.0",
        "jsonrepair": "^3.13.3",
        "partial-json": "^0.1.7"
      }
    },
    "node_modules/@a5omic/streamjson": {
      "resolved": "packages/core",
      "link": true
    },
    "node_modules/@a5omic/streamjson-react": {
      "resolved": "packages/react",
      "link": true
    },
    "node_modules/@types/react": {
      "version": "19.2.14",
      "resolved": "https://registry.npmjs.org/@types/react/-/react-19.2.14.tgz",
      "integrity": "sha512-ilcTH/UniCkMdtexkoCN0bI7pMcJDvmQFPvuPvmEaYA/NSfFTAgdUSLAoVjaRJm7+6PvcM+q1zYOwS4wTYMF9w==",
      "dev": true,
      "license": "MIT",
      "dependencies": {
        "csstype": "^3.2.2"
      }
    },
    "node_modules/best-effort-json-parser": {
      "version": "1.4.0",
      "resolved": "https://registry.npmjs.org/best-effort-json-parser/-/best-effort-json-parser-1.4.0.tgz",
      "integrity": "sha512-gYmXQicIXaaspBdCLqok3t0JXYdi3Cr9oIgYh2+9rEWiNhLvi/89cguCWXZJWp0FgBR6YoEE9YkbZEfqKdqs+Q==",
      "dev": true,
      "license": "BSD-2-Clause"
    },
    "node_modules/csstype": {
      "version": "3.2.3",
      "resolved": "https://registry.npmjs.org/csstype/-/csstype-3.2.3.tgz",
      "integrity": "sha512-z1HGKcYy2xA8AGQfwrn0PAy+PB7X/GSj3UVJW9qKyn43xWa+gl5nXmU4qqLMRzWVLFC8KusUX8T/0kCiOYpAIQ==",
      "dev": true,
      "license": "MIT"
    },
    "node_modules/jsonrepair": {
      "version": "3.13.3",
      "resolved": "https://registry.npmjs.org/jsonrepair/-/jsonrepair-3.13.3.tgz",
      "integrity": "sha512-BTznj0owIt2CBAH/LTo7+1I5pMvl1e1033LRl/HUowlZmJOIhzC0zbX5bxMngLkfT4WnzPP26QnW5wMr2g9tsQ==",
      "dev": true,
      "license": "ISC",
      "bin": {
        "jsonrepair": "bin/cli.js"
      }
    },
    "node_modules/partial-json": {
      "version": "0.1.7",
      "resolved": "https://registry.npmjs.org/partial-json/-/partial-json-0.1.7.tgz",
      "integrity": "sha512-Njv/59hHaokb/hRUjce3Hdv12wd60MtM9Z5Olmn+nehe0QDAsRtRbJPvJ0Z91TusF0SuZRIvnM+S4l6EIP8leA==",
      "dev": true,
      "license": "MIT"
    },
    "node_modules/react": {
      "version": "19.2.4",
      "resolved": "https://registry.npmjs.org/react/-/react-19.2.4.tgz",
      "integrity": "sha512-9nfp2hYpCwOjAN+8TZFGhtWEwgvWHXqESH8qT89AT/lWklpLON22Lc8pEtnpsZz7VmawabSU0gCjnj8aC0euHQ==",
      "license": "MIT",
      "peer": true,
      "engines": {
        "node": ">=0.10.0"
      }
    },
    "node_modules/typescript": {
      "version": "5.9.3",
      "resolved": "https://registry.npmjs.org/typescript/-/typescript-5.9.3.tgz",
      "integrity": "sha512-jl1vZzPDinLr9eUt3J/t7V6FgNEw9QjvBPdysz9KfQDD41fQrC2Y4vKQdiaUpFT4bXlb1RHhLpp8wtm6M5TgSw==",
      "dev": true,
      "license": "Apache-2.0",
      "bin": {
        "tsc": "bin/tsc",
        "tsserver": "bin/tsserver"
      },
      "engines": {
        "node": ">=14.17"
      }
    },
    "packages/core": {
      "name": "@a5omic/streamjson",
      "version": "0.1.1",
      "license": "MIT",
      "devDependencies": {
        "typescript": "^5.7.0"
      },
      "engines": {
        "node": ">=18.0.0"
      }
    },
    "packages/react": {
      "name": "@a5omic/streamjson-react",
      "version": "0.1.1",
      "license": "MIT",
      "devDependencies": {
        "@types/react": "^19.0.0",
        "typescript": "^5.7.0"
      },
      "engines": {
        "node": ">=18.0.0"
      },
      "peerDependencies": {
        "@a5omic/streamjson": ">=0.1.1",
        "react": ">=18.0.0"
      }
    }
  }
}
